
Microsoft Visual Studio Solution File, Format Version 12.00
# Visual Studio Version 16
VisualStudioVersion = 16.0.30717.126
MinimumVisualStudioVersion = 10.0.40219.1
Project("{9A19103F-16F7-4668-BE54-9A1E7A4F7556}") = "AisOS", "AisOS\AisOS.csproj", "{617A8359-099B-4921-8A28-ACCBD8D794A3}"
EndProject
Project("{9A19103F-16F7-4668-BE54-9A1E7A4F7556}") = "AisOsDataBase", "AisOsDataBase\AisOsDataBase.csproj", "{34F33D3A-B8CC-4CBD-9F9C-E26F3FFDE871}"
EndProject
Project("{FAE04EC0-301F-11D3-BF4B-00C04F79EFBC}") = "AisOsUtils", "AisOsUtils\AisOsUtils.csproj", "{4EAB7379-33D7-4E48-902E-7763D6921922}"
EndProject
Global
	GlobalSection(SolutionConfigurationPlatforms) = preSolution
		Debug|Any CPU = Debug|Any CPU
		Release|Any CPU = Release|Any CPU
	EndGlobalSection
	GlobalSection(ProjectConfigurationPlatforms) = postSolution
		{617A8359-099B-4921-8A28-ACCBD8D794A3}.Debug|Any CPU.ActiveCfg = Debug|Any CPU
		{617A8359-099B-4921-8A28-ACCBD8D794A3}.Debug|Any CPU.Build.0 = Debug|Any CPU
		{617A8359-099B-4921-8A28-ACCBD8D794A3}.Release|Any CPU.ActiveCfg = Release|Any CPU
		{617A8359-099B-4921-8A28-ACCBD8D794A3}.Release|Any CPU.Build.0 = Release|Any CPU
		{34F33D3A-B8CC-4CBD-9F9C-E26F3FFDE871}.Debug|Any CPU.ActiveCfg = Debug|Any CPU
		{34F33D3A-B8CC-4CBD-9F9C-E26F3FFDE871}.Debug|Any CPU.Build.0 = Debug|Any CPU
		{34F33D3A-B8CC-4CBD-9F9C-E26F3FFDE871}.Release|Any CPU.ActiveCfg = Release|Any CPU
		{34F33D3A-B8CC-4CBD-9F9C-E26F3FFDE871}.Release|Any CPU.Build.0 = Release|Any CPU
		{4EAB7379-33D7-4E48-902E-7763D6921922}.Debug|Any CPU.ActiveCfg = Debug|Any CPU
		{4EAB7379-33D7-4E48-902E-7763D6921922}.Debug|Any CPU.Build.0 = Debug|Any CPU
		{4EAB7379-33D7-4E48-902E-7763D6921922}.Release|Any CPU.ActiveCfg = Release|Any CPU
		{4EAB7379-33D7-4E48-902E-7763D6921922}.Release|Any CPU.Build.0 = Release|Any CPU
	EndGlobalSection
	GlobalSection(SolutionProperties) = preSolution
		HideSolutionNode = FALSE
	EndGlobalSection
	GlobalSection(ExtensibilityGlobals) = postSolution
		SolutionGuid = {DCF9D8B8-6076-463A-B3BD-889AC2696958}
	EndGlobalSection
EndGlobal
